// !$*UTF8*$!
{
	archiveVersion = 1;
	classes = {
	};
	objectVersion = 46;
	objects = {

/* Begin PBXBuildFile section */
		FA35EBD919F522C900DCE986 /* AppDelegate.swift in Sources */ = {isa = PBXBuildFile; fileRef = FA35EBD819F522C900DCE986 /* AppDelegate.swift */; };
		FA35EBDE19F522C900DCE986 /* Main.storyboard in Resources */ = {isa = PBXBuildFile; fileRef = FA35EBDC19F522C900DCE986 /* Main.storyboard */; };
		FA35EBE019F522C900DCE986 /* Images.xcassets in Resources */ = {isa = PBXBuildFile; fileRef = FA35EBDF19F522C900DCE986 /* Images.xcassets */; };
		FA35EBE319F522C900DCE986 /* LaunchScreen.xib in Resources */ = {isa = PBXBuildFile; fileRef = FA35EBE119F522C900DCE986 /* LaunchScreen.xib */; };
		FA35EBEF19F522C900DCE986 /* HealthKitUserDataTests.swift in Sources */ = {isa = PBXBuildFile; fileRef = FA35EBEE19F522C900DCE986 /* HealthKitUserDataTests.swift */; };
		FA35EBFA19F524F600DCE986 /* HealthKit.framework in Frameworks */ = {isa = PBXBuildFile; fileRef = FA35EBF919F524F600DCE986 /* HealthKit.framework */; };
		FA35EBFC19F5337A00DCE986 /* UserDataTableViewController.swift in Sources */ = {isa = PBXBuildFile; fileRef = FA35EBFB19F5337A00DCE986 /* UserDataTableViewController.swift */; };
		FA35EBFE19F5341E00DCE986 /* LabelWithTextFieldTableViewCell.swift in Sources */ = {isa = PBXBuildFile; fileRef = FA35EBFD19F5341E00DCE986 /* LabelWithTextFieldTableViewCell.swift */; };
		FA35EC0219F5482600DCE986 /* HealthKitManager.swift in Sources */ = {isa = PBXBuildFile; fileRef = FA35EC0119F5482600DCE986 /* HealthKitManager.swift */; };
/* End PBXBuildFile section */

/* Begin PBXContainerItemProxy section */
		FA35EBE919F522C900DCE986 /* PBXContainerItemProxy */ = {
			isa = PBXContainerItemProxy;
			containerPortal = FA35EBCB19F522C900DCE986 /* Project object */;
			proxyType = 1;
			remoteGlobalIDString = FA35EBD219F522C900DCE986;
			remoteInfo = HealthKitUserData;
		};
/* End PBXContainerItemProxy section */

/* Begin PBXFileReference section */
		FA35EBD319F522C900DCE986 /* HealthKitUserData.app */ = {isa = PBXFileReference; explicitFileType = wrapper.application; includeInIndex = 0; path = HealthKitUserData.app; sourceTree = BUILT_PRODUCTS_DIR; };
		FA35EBD719F522C900DCE986 /* Info.plist */ = {isa = PBXFileReference; lastKnownFileType = text.plist.xml; path = Info.plist; sourceTree = "<group>"; };
		FA35EBD819F522C900DCE986 /* AppDelegate.swift */ = {isa = PBXFileReference; lastKnownFileType = sourcecode.swift; path = AppDelegate.swift; sourceTree = "<group>"; };
		FA35EBDD19F522C900DCE986 /* Base */ = {isa = PBXFileReference; lastKnownFileType = file.storyboard; name = Base; path = Base.lproj/Main.storyboard; sourceTree = "<group>"; };
		FA35EBDF19F522C900DCE986 /* Images.xcassets */ = {isa = PBXFileReference; lastKnownFileType = folder.assetcatalog; path = Images.xcassets; sourceTree = "<group>"; };
		FA35EBE219F522C900DCE986 /* Base */ = {isa = PBXFileReference; lastKnownFileType = file.xib; name = Base; path = Base.lproj/LaunchScreen.xib; sourceTree = "<group>"; };
		FA35EBE819F522C900DCE986 /* HealthKitUserDataTests.xctest */ = {isa = PBXFileReference; explicitFileType = wrapper.cfbundle; includeInIndex = 0; path = HealthKitUserDataTests.xctest; sourceTree = BUILT_PRODUCTS_DIR; };
		FA35EBED19F522C900DCE986 /* Info.plist */ = {isa = PBXFileReference; lastKnownFileType = text.plist.xml; path = Info.plist; sourceTree = "<group>"; };
		FA35EBEE19F522C900DCE986 /* HealthKitUserDataTests.swift */ = {isa = PBXFileReference; lastKnownFileType = sourcecode.swift; path = HealthKitUserDataTests.swift; sourceTree = "<group>"; };
		FA35EBF819F524F600DCE986 /* HealthKitUserData.entitlements */ = {isa = PBXFileReference; lastKnownFileType = text.xml; path = HealthKitUserData.entitlements; sourceTree = "<group>"; };
		FA35EBF919F524F600DCE986 /* HealthKit.framework */ = {isa = PBXFileReference; lastKnownFileType = wrapper.framework; name = HealthKit.framework; path = System/Library/Frameworks/HealthKit.framework; sourceTree = SDKROOT; };
		FA35EBFB19F5337A00DCE986 /* UserDataTableViewController.swift */ = {isa = PBXFileReference; fileEncoding = 4; lastKnownFileType = sourcecode.swift; path = UserDataTableViewController.swift; sourceTree = "<group>"; };
		FA35EBFD19F5341E00DCE986 /* LabelWithTextFieldTableViewCell.swift */ = {isa = PBXFileReference; fileEncoding = 4; lastKnownFileType = sourcecode.swift; path = LabelWithTextFieldTableViewCell.swift; sourceTree = "<group>"; };
		FA35EC0119F5482600DCE986 /* HealthKitManager.swift */ = {isa = PBXFileReference; fileEncoding = 4; lastKnownFileType = sourcecode.swift; name = HealthKitManager.swift; path = ../HealthKitManager.swift; sourceTree = "<group>"; };
/* End PBXFileReference section */

/* Begin PBXFrameworksBuildPhase section */
		FA35EBD019F522C900DCE986 /* Frameworks */ = {
			isa = PBXFrameworksBuildPhase;
			buildActionMask = 2147483647;
			files = (
				FA35EBFA19F524F600DCE986 /* HealthKit.framework in Frameworks */,
			);
			runOnlyForDeploymentPostprocessing = 0;
		};
		FA35EBE519F522C900DCE986 /* Frameworks */ = {
			isa = PBXFrameworksBuildPhase;
			buildActionMask = 2147483647;
			files = (
			);
			runOnlyForDeploymentPostprocessing = 0;
		};
/* End PBXFrameworksBuildPhase section */

/* Begin PBXGroup section */
		FA35EBCA19F522C900DCE986 = {
			isa = PBXGroup;
			children = (
				FA35EBD519F522C900DCE986 /* HealthKitUserData */,
				FA35EBEB19F522C900DCE986 /* HealthKitUserDataTests */,
				FA35EBD419F522C900DCE986 /* Products */,
			);
			sourceTree = "<group>";
		};
		FA35EBD419F522C900DCE986 /* Products */ = {
			isa = PBXGroup;
			children = (
				FA35EBD319F522C900DCE986 /* HealthKitUserData.app */,
				FA35EBE819F522C900DCE986 /* HealthKitUserDataTests.xctest */,
			);
			name = Products;
			sourceTree = "<group>";
		};
		FA35EBD519F522C900DCE986 /* HealthKitUserData */ = {
			isa = PBXGroup;
			children = (
				FA35EBD819F522C900DCE986 /* AppDelegate.swift */,
				FA35EBDC19F522C900DCE986 /* Main.storyboard */,
				FA35EC0319F554CC00DCE986 /* ViewControllers */,
				FA35EC0419F554D400DCE986 /* Views */,
				FA35EC0519F554E600DCE986 /* Utilities */,
				FA35EBDF19F522C900DCE986 /* Images.xcassets */,
				FA35EBE119F522C900DCE986 /* LaunchScreen.xib */,
				FA35EBD619F522C900DCE986 /* Supporting Files */,
			);
			path = HealthKitUserData;
			sourceTree = "<group>";
		};
		FA35EBD619F522C900DCE986 /* Supporting Files */ = {
			isa = PBXGroup;
			children = (
				FA35EBF819F524F600DCE986 /* HealthKitUserData.entitlements */,
				FA35EBF919F524F600DCE986 /* HealthKit.framework */,
				FA35EBD719F522C900DCE986 /* Info.plist */,
			);
			name = "Supporting Files";
			sourceTree = "<group>";
		};
		FA35EBEB19F522C900DCE986 /* HealthKitUserDataTests */ = {
			isa = PBXGroup;
			children = (
				FA35EBEE19F522C900DCE986 /* HealthKitUserDataTests.swift */,
				FA35EBEC19F522C900DCE986 /* Supporting Files */,
			);
			path = HealthKitUserDataTests;
			sourceTree = "<group>";
		};
		FA35EBEC19F522C900DCE986 /* Supporting Files */ = {
			isa = PBXGroup;
			children = (
				FA35EBED19F522C900DCE986 /* Info.plist */,
			);
			name = "Supporting Files";
			sourceTree = "<group>";
		};
		FA35EC0319F554CC00DCE986 /* ViewControllers */ = {
			isa = PBXGroup;
			children = (
				FA35EBFB19F5337A00DCE986 /* UserDataTableViewController.swift */,
			);
			name = ViewControllers;
			sourceTree = "<group>";
		};
		FA35EC0419F554D400DCE986 /* Views */ = {
			isa = PBXGroup;
			children = (
				FA35EBFD19F5341E00DCE986 /* LabelWithTextFieldTableViewCell.swift */,
			);
			name = Views;
			sourceTree = "<group>";
		};
		FA35EC0519F554E600DCE986 /* Utilities */ = {
			isa = PBXGroup;
			children = (
				FA35EC0119F5482600DCE986 /* HealthKitManager.swift */,
			);
			name = Utilities;
			sourceTree = "<group>";
		};
/* End PBXGroup section */

/* Begin PBXNativeTarget section */
		FA35EBD219F522C900DCE986 /* HealthKitUserData */ = {
			isa = PBXNativeTarget;
			buildConfigurationList = FA35EBF219F522C900DCE986 /* Build configuration list for PBXNativeTarget "HealthKitUserData" */;
			buildPhases = (
				FA35EBCF19F522C900DCE986 /* Sources */,
				FA35EBD019F522C900DCE986 /* Frameworks */,
				FA35EBD119F522C900DCE986 /* Resources */,
			);
			buildRules = (
			);
			dependencies = (
			);
			name = HealthKitUserData;
			productName = HealthKitUserData;
			productReference = FA35EBD319F522C900DCE986 /* HealthKitUserData.app */;
			productType = "com.apple.product-type.application";
		};
		FA35EBE719F522C900DCE986 /* HealthKitUserDataTests */ = {
			isa = PBXNativeTarget;
			buildConfigurationList = FA35EBF519F522C900DCE986 /* Build configuration list for PBXNativeTarget "HealthKitUserDataTests" */;
			buildPhases = (
				FA35EBE419F522C900DCE986 /* Sources */,
				FA35EBE519F522C900DCE986 /* Frameworks */,
				FA35EBE619F522C900DCE986 /* Resources */,
			);
			buildRules = (
			);
			dependencies = (
				FA35EBEA19F522C900DCE986 /* PBXTargetDependency */,
			);
			name = HealthKitUserDataTests;
			productName = HealthKitUserDataTests;
			productReference = FA35EBE819F522C900DCE986 /* HealthKitUserDataTests.xctest */;
			productType = "com.apple.product-type.bundle.unit-test";
		};
/* End PBXNativeTarget section */

/* Begin PBXProject section */
		FA35EBCB19F522C900DCE986 /* Project object */ = {
			isa = PBXProject;
			attributes = {
				LastUpgradeCheck = 0610;
				ORGANIZATIONNAME = NatashaTheRobot;
				TargetAttributes = {
					FA35EBD219F522C900DCE986 = {
						CreatedOnToolsVersion = 6.1;
						DevelopmentTeam = W6GNU64U6Q;
						SystemCapabilities = {
							com.apple.HealthKit = {
								enabled = 1;
							};
						};
					};
					FA35EBE719F522C900DCE986 = {
						CreatedOnToolsVersion = 6.1;
						TestTargetID = FA35EBD219F522C900DCE986;
					};
				};
			};
			buildConfigurationList = FA35EBCE19F522C900DCE986 /* Build configuration list for PBXProject "HealthKitUserData" */;
			compatibilityVersion = "Xcode 3.2";
			developmentRegion = English;
			hasScannedForEncodings = 0;
			knownRegions = (
				en,
				Base,
			);
			mainGroup = FA35EBCA19F522C900DCE986;
			productRefGroup = FA35EBD419F522C900DCE986 /* Products */;
			projectDirPath = "";
			projectRoot = "";
			targets = (
				FA35EBD219F522C900DCE986 /* HealthKitUserData */,
				FA35EBE719F522C900DCE986 /* HealthKitUserDataTests */,
			);
		};
/* End PBXProject section */

/* Begin PBXResourcesBuildPhase section */
		FA35EBD119F522C900DCE986 /* Resources */ = {
			isa = PBXResourcesBuildPhase;
			buildActionMask = 2147483647;
			files = (
				FA35EBDE19F522C900DCE986 /* Main.storyboard in Resources */,
				FA35EBE319F522C900DCE986 /* LaunchScreen.xib in Resources */,
				FA35EBE019F522C900DCE986 /* Images.xcassets in Resources */,
			);
			runOnlyForDeploymentPostprocessing = 0;
		};
		FA35EBE619F522C900DCE986 /* Resources */ = {
			isa = PBXResourcesBuildPhase;
			buildActionMask = 2147483647;
			files = (
			);
			runOnlyForDeploymentPostprocessing = 0;
		};
/* End PBXResourcesBuildPhase section */

/* Begin PBXSourcesBuildPhase section */
		FA35EBCF19F522C900DCE986 /* Sources */ = {
			isa = PBXSourcesBuildPhase;
			buildActionMask = 2147483647;
			files = (
				FA35EBFE19F5341E00DCE986 /* LabelWithTextFieldTableViewCell.swift in Sources */,
				FA35EBFC19F5337A00DCE986 /* UserDataTableViewController.swift in Sources */,
				FA35EC0219F5482600DCE986 /* HealthKitManager.swift in Sources */,
				FA35EBD919F522C900DCE986 /* AppDelegate.swift in Sources */,
			);
			runOnlyForDeploymentPostprocessing = 0;
		};
		FA35EBE419F522C900DCE986 /* Sources */ = {
			isa = PBXSourcesBuildPhase;
			buildActionMask = 2147483647;
			files = (
				FA35EBEF19F522C900DCE986 /* HealthKitUserDataTests.swift in Sources */,
			);
			runOnlyForDeploymentPostprocessing = 0;
		};
/* End PBXSourcesBuildPhase section */

/* Begin PBXTargetDependency section */
		FA35EBEA19F522C900DCE986 /* PBXTargetDependency */ = {
			isa = PBXTargetDependency;
			target = FA35EBD219F522C900DCE986 /* HealthKitUserData */;
			targetProxy = FA35EBE919F522C900DCE986 /* PBXContainerItemProxy */;
		};
/* End PBXTargetDependency section */

/* Begin PBXVariantGroup section */
		FA35EBDC19F522C900DCE986 /* Main.storyboard */ = {
			isa = PBXVariantGroup;
			children = (
				FA35EBDD19F522C900DCE986 /* Base */,
			);
			name = Main.storyboard;
			sourceTree = "<group>";
		};
		FA35EBE119F522C900DCE986 /* LaunchScreen.xib */ = {
			isa = PBXVariantGroup;
			children = (
				FA35EBE219F522C900DCE986 /* Base */,
			);
			name = LaunchScreen.xib;
			sourceTree = "<group>";
		};
/* End PBXVariantGroup section */

/* Begin XCBuildConfiguration section */
		FA35EBF019F522C900DCE986 /* Debug */ = {
			isa = XCBuildConfiguration;
			buildSettings = {
				ALWAYS_SEARCH_USER_PATHS = NO;
				CLANG_CXX_LANGUAGE_STANDARD = "gnu++0x";
				CLANG_CXX_LIBRARY = "libc++";
				CLANG_ENABLE_MODULES = YES;
				CLANG_ENABLE_OBJC_ARC = YES;
				CLANG_WARN_BOOL_CONVERSION = YES;
				CLANG_WARN_CONSTANT_CONVERSION = YES;
				CLANG_WARN_DIRECT_OBJC_ISA_USAGE = YES_ERROR;
				CLANG_WARN_EMPTY_BODY = YES;
				CLANG_WARN_ENUM_CONVERSION = YES;
				CLANG_WARN_INT_CONVERSION = YES;
				CLANG_WARN_OBJC_ROOT_CLASS = YES_ERROR;
				CLANG_WARN_UNREACHABLE_CODE = YES;
				CLANG_WARN__DUPLICATE_METHOD_MATCH = YES;
				"CODE_SIGN_IDENTITY[sdk=iphoneos*]" = "iPhone Developer";
				COPY_PHASE_STRIP = NO;
				ENABLE_STRICT_OBJC_MSGSEND = YES;
				GCC_C_LANGUAGE_STANDARD = gnu99;
				GCC_DYNAMIC_NO_PIC = NO;
				GCC_OPTIMIZATION_LEVEL = 0;
				GCC_PREPROCESSOR_DEFINITIONS = (
					"DEBUG=1",
					"$(inherited)",
				);
				GCC_SYMBOLS_PRIVATE_EXTERN = NO;
				GCC_WARN_64_TO_32_BIT_CONVERSION = YES;
				GCC_WARN_ABOUT_RETURN_TYPE = YES_ERROR;
				GCC_WARN_UNDECLARED_SELECTOR = YES;
				GCC_WARN_UNINITIALIZED_AUTOS = YES_AGGRESSIVE;
				GCC_WARN_UNUSED_FUNCTION = YES;
				GCC_WARN_UNUSED_VARIABLE = YES;
				IPHONEOS_DEPLOYMENT_TARGET = 8.0;
				MTL_ENABLE_DEBUG_INFO = YES;
				ONLY_ACTIVE_ARCH = YES;
				SDKROOT = iphoneos;
				SWIFT_OPTIMIZATION_LEVEL = "-Onone";
			};
			name = Debug;
		};
		FA35EBF119F522C900DCE986 /* Release */ = {
			isa = XCBuildConfiguration;
			buildSettings = {
				ALWAYS_SEARCH_USER_PATHS = NO;
				CLANG_CXX_LANGUAGE_STANDARD = "gnu++0x";
				CLANG_CXX_LIBRARY = "libc++";
				CLANG_ENABLE_MODULES = YES;
				CLANG_ENABLE_OBJC_ARC = YES;
				CLANG_WARN_BOOL_CONVERSION = YES;
				CLANG_WARN_CONSTANT_CONVERSION = YES;
				CLANG_WARN_DIRECT_OBJC_ISA_USAGE = YES_ERROR;
				CLANG_WARN_EMPTY_BODY = YES;
				CLANG_WARN_ENUM_CONVERSION = YES;
				CLANG_WARN_INT_CONVERSION = YES;
				CLANG_WARN_OBJC_ROOT_CLASS = YES_ERROR;
				CLANG_WARN_UNREACHABLE_CODE = YES;
				CLANG_WARN__DUPLICATE_METHOD_MATCH = YES;
				"CODE_SIGN_IDENTITY[sdk=iphoneos*]" = "iPhone Developer";
				COPY_PHASE_STRIP = YES;
				ENABLE_NS_ASSERTIONS = NO;
				ENABLE_STRICT_OBJC_MSGSEND = YES;
				GCC_C_LANGUAGE_STANDARD = gnu99;
				GCC_WARN_64_TO_32_BIT_CONVERSION = YES;
				GCC_WARN_ABOUT_RETURN_TYPE = YES_ERROR;
				GCC_WARN_UNDECLARED_SELECTOR = YES;
				GCC_WARN_UNINITIALIZED_AUTOS = YES_AGGRESSIVE;
				GCC_WARN_UNUSED_FUNCTION = YES;
				GCC_WARN_UNUSED_VARIABLE = YES;
				IPHONEOS_DEPLOYMENT_TARGET = 8.0;
				MTL_ENABLE_DEBUG_INFO = NO;
				SDKROOT = iphoneos;
				VALIDATE_PRODUCT = YES;
			};
			name = Release;
		};
		FA35EBF319F522C900DCE986 /* Debug */ = {
			isa = XCBuildConfiguration;
			buildSettings = {
				ASSETCATALOG_COMPILER_APPICON_NAME = AppIcon;
				CODE_SIGN_ENTITLEMENTS = HealthKitUserData/HealthKitUserData.entitlements;
				CODE_SIGN_IDENTITY = "iPhone Developer";
				"CODE_SIGN_IDENTITY[sdk=iphoneos*]" = "iPhone Developer";
				INFOPLIST_FILE = HealthKitUserData/Info.plist;
				IPHONEOS_DEPLOYMENT_TARGET = 8.0;
				LD_RUNPATH_SEARCH_PATHS = "$(inherited) @executable_path/Frameworks";
				PRODUCT_NAME = "$(TARGET_NAME)";
				PROVISIONING_PROFILE = "";
			};
			name = Debug;
		};
		FA35EBF419F522C900DCE986 /* Release */ = {
			isa = XCBuildConfiguration;
			buildSettings = {
				ASSETCATALOG_COMPILER_APPICON_NAME = AppIcon;
				CODE_SIGN_ENTITLEMENTS = HealthKitUserData/HealthKitUserData.entitlements;
				CODE_SIGN_IDENTITY = "iPhone Developer";
				"CODE_SIGN_IDENTITY[sdk=iphoneos*]" = "iPhone Developer";
				INFOPLIST_FILE = HealthKitUserData/Info.plist;
				IPHONEOS_DEPLOYMENT_TARGET = 8.0;
				LD_RUNPATH_SEARCH_PATHS = "$(inherited) @executable_path/Frameworks";
				PRODUCT_NAME = "$(TARGET_NAME)";
				PROVISIONING_PROFILE = "";
			};
			name = Release;
		};
		FA35EBF619F522C900DCE986 /* Debug */ = {
			isa = XCBuildConfiguration;
			buildSettings = {
				BUNDLE_LOADER = "$(TEST_HOST)";
				FRAMEWORK_SEARCH_PATHS = (
					"$(SDKROOT)/Developer/Library/Frameworks",
					"$(inherited)",
				);
				GCC_PREPROCESSOR_DEFINITIONS = (
					"DEBUG=1",
					"$(inherited)",
				);
				INFOPLIST_FILE = HealthKitUserDataTests/Info.plist;
				LD_RUNPATH_SEARCH_PATHS = "$(inherited) @executable_path/Frameworks @loader_path/Frameworks";
				PRODUCT_NAME = "$(TARGET_NAME)";
				TEST_HOST = "$(BUILT_PRODUCTS_DIR)/HealthKitUserData.app/HealthKitUserData";
			};
			name = Debug;
		};
		FA35EBF719F522C900DCE986 /* Release */ = {
			isa = XCBuildConfiguration;
			buildSettings = {
				BUNDLE_LOADER = "$(TEST_HOST)";
				FRAMEWORK_SEARCH_PATHS = (
					"$(SDKROOT)/Developer/Library/Frameworks",
					"$(inherited)",
				);
				INFOPLIST_FILE = HealthKitUserDataTests/Info.plist;
				LD_RUNPATH_SEARCH_PATHS = "$(inherited) @executable_path/Frameworks @loader_path/Frameworks";
				PRODUCT_NAME = "$(TARGET_NAME)";
				TEST_HOST = "$(BUILT_PRODUCTS_DIR)/HealthKitUserData.app/HealthKitUserData";
			};
			name = Release;
		};
/* End XCBuildConfiguration section */

/* Begin XCConfigurationList section */
		FA35EBCE19F522C900DCE986 /* Build configuration list for PBXProject "HealthKitUserData" */ = {
			isa = XCConfigurationList;
			buildConfigurations = (
				FA35EBF019F522C900DCE986 /* Debug */,
				FA35EBF119F522C900DCE986 /* Release */,
			);
			defaultConfigurationIsVisible = 0;
			defaultConfigurationName = Release;
		};
		FA35EBF219F522C900DCE986 /* Build configuration list for PBXNativeTarget "HealthKitUserData" */ = {
			isa = XCConfigurationList;
			buildConfigurations = (
				FA35EBF319F522C900DCE986 /* Debug */,
				FA35EBF419F522C900DCE986 /* Release */,
			);
			defaultConfigurationIsVisible = 0;
			defaultConfigurationName = Release;
		};
		FA35EBF519F522C900DCE986 /* Build configuration list for PBXNativeTarget "HealthKitUserDataTests" */ = {
			isa = XCConfigurationList;
			buildConfigurations = (
				FA35EBF619F522C900DCE986 /* Debug */,
				FA35EBF719F522C900DCE986 /* Release */,
			);
			defaultConfigurationIsVisible = 0;
			defaultConfigurationName = Release;
		};
/* End XCConfigurationList section */
	};
	rootObject = FA35EBCB19F522C900DCE986 /* Project object */;
}
